
Microsoft Visual Studio Solution File, Format Version 12.00
# Visual Studio 15
VisualStudioVersion = 15.0.28307.1321
MinimumVisualStudioVersion = 10.0.40219.1
Project("{FAE04EC0-301F-11D3-BF4B-00C04F79EFBC}") = "App_kebutuhanData", "App_kebutuhanData\App_kebutuhanData.csproj", "{04049B32-21A3-4142-98B3-B0BC98180758}"
EndProject
Global
	GlobalSection(SolutionConfigurationPlatforms) = preSolution
		Debug|Any CPU = Debug|Any CPU
		Release|Any CPU = Release|Any CPU
	EndGlobalSection
	GlobalSection(ProjectConfigurationPlatforms) = postSolution
		{04049B32-21A3-4142-98B3-B0BC98180758}.Debug|Any CPU.ActiveCfg = Debug|Any CPU
		{04049B32-21A3-4142-98B3-B0BC98180758}.Debug|Any CPU.Build.0 = Debug|Any CPU
		{04049B32-21A3-4142-98B3-B0BC98180758}.Release|Any CPU.ActiveCfg = Release|Any CPU
		{04049B32-21A3-4142-98B3-B0BC98180758}.Release|Any CPU.Build.0 = Release|Any CPU
	EndGlobalSection
	GlobalSection(SolutionProperties) = preSolution
		HideSolutionNode = FALSE
	EndGlobalSection
	GlobalSection(ExtensibilityGlobals) = postSolution
		SolutionGuid = {6FAAB114-08AA-46C5-9F3D-2E0DE8418907}
	EndGlobalSection
EndGlobal
